# THIS IS AN AUTOGENERATED FILE. DO NOT EDIT THIS FILE DIRECTLY.
# yarn lockfile v1


"@stimulus/core@^2.0.0":
  version "2.0.0"
  resolved "https://registry.yarnpkg.com/@stimulus/core/-/core-2.0.0.tgz#140c85318d6a8a8210c0faf182223b8459348877"
  integrity sha512-ff70GafKtzc8zQ1/cG+UvL06GcifPWovf2wBEdjLMh9xO2GOYURO3y2RYgzIGYUIBefQwyfX2CLfJdZFJrEPTw==
  dependencies:
    "@stimulus/mutation-observers" "^2.0.0"

"@stimulus/multimap@^2.0.0":
  version "2.0.0"
  resolved "https://registry.yarnpkg.com/@stimulus/multimap/-/multimap-2.0.0.tgz#420cfa096ed6538df4a91dbd2b2842c1779952b2"
  integrity sha512-pMBCewkZCFVB3e5mEMoyO9+9aKzHDITmf3OnPun51YWxlcPdHcwbjqm1ylK63fsoduIE+RowBpFwFqd3poEz4w==

"@stimulus/mutation-observers@^2.0.0":
  version "2.0.0"
  resolved "https://registry.yarnpkg.com/@stimulus/mutation-observers/-/mutation-observers-2.0.0.tgz#3dbe37453bda47a6c795a90204ee8d77a799fb87"
  integrity sha512-kx4VAJdPhIGBQKGIoUDC2tupEKorG3A+ckc2b1UiwInKTMAC1axOHU8ebcwhaJIxRqIrs8//4SJo9YAAOx6FEg==
  dependencies:
    "@stimulus/multimap" "^2.0.0"

"@stimulus/webpack-helpers@^2.0.0":
  version "2.0.0"
  resolved "https://registry.yarnpkg.com/@stimulus/webpack-helpers/-/webpack-helpers-2.0.0.tgz#54296d2a2dffd4f962d2e802d99a3fdd84b8845f"
  integrity sha512-D6tJWsAC024MwGEIKlUVYU8Ln87mlrmiwHvYAjipg+s8H4eLxUMQ3PZkWyPevfipH+oR3leuHsjYsK1gN5ViQA==

stimulus@^2.0.0:
  version "2.0.0"
  resolved "https://registry.yarnpkg.com/stimulus/-/stimulus-2.0.0.tgz#713c8b91a72ef90914b90955f0e705f004403047"
  integrity sha512-xipy7BS5TVpg4fX6S8LhrYZp7cmHGjmk09WSAiVx1gF5S5g43IWsuetfUhIk8HfHUG+4MQ9nY0FQz4dRFLs/8w==
  dependencies:
    "@stimulus/core" "^2.0.0"
    "@stimulus/webpack-helpers" "^2.0.0"
